// !$*UTF8*$!
{
	archiveVersion = 1;
	classes = {
	};
	objectVersion = 50;
	objects = {

/* Begin PBXBuildFile section */
		8104FD282580D2B0003F82E7 /* Slot_Machine_2App.swift in Sources */ = {isa = PBXBuildFile; fileRef = 8104FD272580D2B0003F82E7 /* Slot_Machine_2App.swift */; };
		8104FD2A2580D2B0003F82E7 /* ContentView.swift in Sources */ = {isa = PBXBuildFile; fileRef = 8104FD292580D2B0003F82E7 /* ContentView.swift */; };
		8104FD2C2580D2B1003F82E7 /* Assets.xcassets in Resources */ = {isa = PBXBuildFile; fileRef = 8104FD2B2580D2B1003F82E7 /* Assets.xcassets */; };
		8104FD2F2580D2B1003F82E7 /* Preview Assets.xcassets in Resources */ = {isa = PBXBuildFile; fileRef = 8104FD2E2580D2B1003F82E7 /* Preview Assets.xcassets */; };
		8104FD3F2580D501003F82E7 /* spin.mp3 in Resources */ = {isa = PBXBuildFile; fileRef = 8104FD372580D500003F82E7 /* spin.mp3 */; };
		8104FD402580D501003F82E7 /* chimeup.mp3 in Resources */ = {isa = PBXBuildFile; fileRef = 8104FD382580D501003F82E7 /* chimeup.mp3 */; };
		8104FD412580D501003F82E7 /* game-over.mp3 in Resources */ = {isa = PBXBuildFile; fileRef = 8104FD392580D501003F82E7 /* game-over.mp3 */; };
		8104FD422580D501003F82E7 /* background-music.mp3 in Resources */ = {isa = PBXBuildFile; fileRef = 8104FD3A2580D501003F82E7 /* background-music.mp3 */; };
		8104FD432580D501003F82E7 /* casino-chips.mp3 in Resources */ = {isa = PBXBuildFile; fileRef = 8104FD3B2580D501003F82E7 /* casino-chips.mp3 */; };
		8104FD442580D501003F82E7 /* riseup.mp3 in Resources */ = {isa = PBXBuildFile; fileRef = 8104FD3C2580D501003F82E7 /* riseup.mp3 */; };
		8104FD452580D501003F82E7 /* win.mp3 in Resources */ = {isa = PBXBuildFile; fileRef = 8104FD3D2580D501003F82E7 /* win.mp3 */; };
		8104FD462580D501003F82E7 /* high-score.mp3 in Resources */ = {isa = PBXBuildFile; fileRef = 8104FD3E2580D501003F82E7 /* high-score.mp3 */; };
		8104FD4D2580D595003F82E7 /* Launch Screen.storyboard in Resources */ = {isa = PBXBuildFile; fileRef = 8104FD4C2580D595003F82E7 /* Launch Screen.storyboard */; };
		8104FD522580DA44003F82E7 /* LogoView.swift in Sources */ = {isa = PBXBuildFile; fileRef = 8104FD512580DA44003F82E7 /* LogoView.swift */; };
		8104FD552580DA80003F82E7 /* Modifiers.swift in Sources */ = {isa = PBXBuildFile; fileRef = 8104FD542580DA80003F82E7 /* Modifiers.swift */; };
		8104FD582580E2BA003F82E7 /* Extensions.swift in Sources */ = {isa = PBXBuildFile; fileRef = 8104FD572580E2BA003F82E7 /* Extensions.swift */; };
		8104FD5C25815127003F82E7 /* ReelView.swift in Sources */ = {isa = PBXBuildFile; fileRef = 8104FD5B25815127003F82E7 /* ReelView.swift */; };
		812D454925821C5300266D9F /* InfoView.swift in Sources */ = {isa = PBXBuildFile; fileRef = 812D454825821C5300266D9F /* InfoView.swift */; };
/* End PBXBuildFile section */

/* Begin PBXFileReference section */
		8104FD242580D2B0003F82E7 /* Slot Machine 2.app */ = {isa = PBXFileReference; explicitFileType = wrapper.application; includeInIndex = 0; path = "Slot Machine 2.app"; sourceTree = BUILT_PRODUCTS_DIR; };
		8104FD272580D2B0003F82E7 /* Slot_Machine_2App.swift */ = {isa = PBXFileReference; lastKnownFileType = sourcecode.swift; path = Slot_Machine_2App.swift; sourceTree = "<group>"; };
		8104FD292580D2B0003F82E7 /* ContentView.swift */ = {isa = PBXFileReference; lastKnownFileType = sourcecode.swift; path = ContentView.swift; sourceTree = "<group>"; };
		8104FD2B2580D2B1003F82E7 /* Assets.xcassets */ = {isa = PBXFileReference; lastKnownFileType = folder.assetcatalog; path = Assets.xcassets; sourceTree = "<group>"; };
		8104FD2E2580D2B1003F82E7 /* Preview Assets.xcassets */ = {isa = PBXFileReference; lastKnownFileType = folder.assetcatalog; path = "Preview Assets.xcassets"; sourceTree = "<group>"; };
		8104FD302580D2B1003F82E7 /* Info.plist */ = {isa = PBXFileReference; lastKnownFileType = text.plist.xml; path = Info.plist; sourceTree = "<group>"; };
		8104FD372580D500003F82E7 /* spin.mp3 */ = {isa = PBXFileReference; lastKnownFileType = audio.mp3; path = spin.mp3; sourceTree = "<group>"; };
		8104FD382580D501003F82E7 /* chimeup.mp3 */ = {isa = PBXFileReference; lastKnownFileType = audio.mp3; path = chimeup.mp3; sourceTree = "<group>"; };
		8104FD392580D501003F82E7 /* game-over.mp3 */ = {isa = PBXFileReference; lastKnownFileType = audio.mp3; path = "game-over.mp3"; sourceTree = "<group>"; };
		8104FD3A2580D501003F82E7 /* background-music.mp3 */ = {isa = PBXFileReference; lastKnownFileType = audio.mp3; path = "background-music.mp3"; sourceTree = "<group>"; };
		8104FD3B2580D501003F82E7 /* casino-chips.mp3 */ = {isa = PBXFileReference; lastKnownFileType = audio.mp3; path = "casino-chips.mp3"; sourceTree = "<group>"; };
		8104FD3C2580D501003F82E7 /* riseup.mp3 */ = {isa = PBXFileReference; lastKnownFileType = audio.mp3; path = riseup.mp3; sourceTree = "<group>"; };
		8104FD3D2580D501003F82E7 /* win.mp3 */ = {isa = PBXFileReference; lastKnownFileType = audio.mp3; path = win.mp3; sourceTree = "<group>"; };
		8104FD3E2580D501003F82E7 /* high-score.mp3 */ = {isa = PBXFileReference; lastKnownFileType = audio.mp3; path = "high-score.mp3"; sourceTree = "<group>"; };
		8104FD4C2580D595003F82E7 /* Launch Screen.storyboard */ = {isa = PBXFileReference; lastKnownFileType = file.storyboard; path = "Launch Screen.storyboard"; sourceTree = "<group>"; };
		8104FD512580DA44003F82E7 /* LogoView.swift */ = {isa = PBXFileReference; lastKnownFileType = sourcecode.swift; path = LogoView.swift; sourceTree = "<group>"; };
		8104FD542580DA80003F82E7 /* Modifiers.swift */ = {isa = PBXFileReference; lastKnownFileType = sourcecode.swift; path = Modifiers.swift; sourceTree = "<group>"; };
		8104FD572580E2BA003F82E7 /* Extensions.swift */ = {isa = PBXFileReference; lastKnownFileType = sourcecode.swift; path = Extensions.swift; sourceTree = "<group>"; };
		8104FD5B25815127003F82E7 /* ReelView.swift */ = {isa = PBXFileReference; lastKnownFileType = sourcecode.swift; path = ReelView.swift; sourceTree = "<group>"; };
		812D454825821C5300266D9F /* InfoView.swift */ = {isa = PBXFileReference; lastKnownFileType = sourcecode.swift; path = InfoView.swift; sourceTree = "<group>"; };
/* End PBXFileReference section */

/* Begin PBXFrameworksBuildPhase section */
		8104FD212580D2B0003F82E7 /* Frameworks */ = {
			isa = PBXFrameworksBuildPhase;
			buildActionMask = 2147483647;
			files = (
			);
			runOnlyForDeploymentPostprocessing = 0;
		};
/* End PBXFrameworksBuildPhase section */

/* Begin PBXGroup section */
		8104FD1B2580D2B0003F82E7 = {
			isa = PBXGroup;
			children = (
				8104FD262580D2B0003F82E7 /* Slot Machine 2 */,
				8104FD252580D2B0003F82E7 /* Products */,
			);
			sourceTree = "<group>";
		};
		8104FD252580D2B0003F82E7 /* Products */ = {
			isa = PBXGroup;
			children = (
				8104FD242580D2B0003F82E7 /* Slot Machine 2.app */,
			);
			name = Products;
			sourceTree = "<group>";
		};
		8104FD262580D2B0003F82E7 /* Slot Machine 2 */ = {
			isa = PBXGroup;
			children = (
				8104FD272580D2B0003F82E7 /* Slot_Machine_2App.swift */,
				8104FD492580D550003F82E7 /* Views */,
				8104FD2B2580D2B1003F82E7 /* Assets.xcassets */,
				8104FD4C2580D595003F82E7 /* Launch Screen.storyboard */,
				8104FD302580D2B1003F82E7 /* Info.plist */,
				8104FD482580D525003F82E7 /* Sounds */,
				8104FD2D2580D2B1003F82E7 /* Preview Content */,
			);
			path = "Slot Machine 2";
			sourceTree = "<group>";
		};
		8104FD2D2580D2B1003F82E7 /* Preview Content */ = {
			isa = PBXGroup;
			children = (
				8104FD2E2580D2B1003F82E7 /* Preview Assets.xcassets */,
			);
			path = "Preview Content";
			sourceTree = "<group>";
		};
		8104FD482580D525003F82E7 /* Sounds */ = {
			isa = PBXGroup;
			children = (
				8104FD3A2580D501003F82E7 /* background-music.mp3 */,
				8104FD3B2580D501003F82E7 /* casino-chips.mp3 */,
				8104FD382580D501003F82E7 /* chimeup.mp3 */,
				8104FD392580D501003F82E7 /* game-over.mp3 */,
				8104FD3E2580D501003F82E7 /* high-score.mp3 */,
				8104FD3C2580D501003F82E7 /* riseup.mp3 */,
				8104FD372580D500003F82E7 /* spin.mp3 */,
				8104FD3D2580D501003F82E7 /* win.mp3 */,
			);
			path = Sounds;
			sourceTree = "<group>";
		};
		8104FD492580D550003F82E7 /* Views */ = {
			isa = PBXGroup;
			children = (
				8104FD292580D2B0003F82E7 /* ContentView.swift */,
				8104FD5B25815127003F82E7 /* ReelView.swift */,
				8104FD4B2580D559003F82E7 /* Helpers */,
				8104FD512580DA44003F82E7 /* LogoView.swift */,
				812D454825821C5300266D9F /* InfoView.swift */,
			);
			path = Views;
			sourceTree = "<group>";
		};
		8104FD4B2580D559003F82E7 /* Helpers */ = {
			isa = PBXGroup;
			children = (
				8104FD542580DA80003F82E7 /* Modifiers.swift */,
				8104FD572580E2BA003F82E7 /* Extensions.swift */,
			);
			path = Helpers;
			sourceTree = "<group>";
		};
/* End PBXGroup section */

/* Begin PBXNativeTarget section */
		8104FD232580D2B0003F82E7 /* Slot Machine 2 */ = {
			isa = PBXNativeTarget;
			buildConfigurationList = 8104FD332580D2B1003F82E7 /* Build configuration list for PBXNativeTarget "Slot Machine 2" */;
			buildPhases = (
				8104FD202580D2B0003F82E7 /* Sources */,
				8104FD212580D2B0003F82E7 /* Frameworks */,
				8104FD222580D2B0003F82E7 /* Resources */,
			);
			buildRules = (
			);
			dependencies = (
			);
			name = "Slot Machine 2";
			productName = "Slot Machine 2";
			productReference = 8104FD242580D2B0003F82E7 /* Slot Machine 2.app */;
			productType = "com.apple.product-type.application";
		};
/* End PBXNativeTarget section */

/* Begin PBXProject section */
		8104FD1C2580D2B0003F82E7 /* Project object */ = {
			isa = PBXProject;
			attributes = {
				LastSwiftUpdateCheck = 1220;
				LastUpgradeCheck = 1220;
				TargetAttributes = {
					8104FD232580D2B0003F82E7 = {
						CreatedOnToolsVersion = 12.2;
					};
				};
			};
			buildConfigurationList = 8104FD1F2580D2B0003F82E7 /* Build configuration list for PBXProject "Slot Machine 2" */;
			compatibilityVersion = "Xcode 9.3";
			developmentRegion = en;
			hasScannedForEncodings = 0;
			knownRegions = (
				en,
				Base,
			);
			mainGroup = 8104FD1B2580D2B0003F82E7;
			productRefGroup = 8104FD252580D2B0003F82E7 /* Products */;
			projectDirPath = "";
			projectRoot = "";
			targets = (
				8104FD232580D2B0003F82E7 /* Slot Machine 2 */,
			);
		};
/* End PBXProject section */

/* Begin PBXResourcesBuildPhase section */
		8104FD222580D2B0003F82E7 /* Resources */ = {
			isa = PBXResourcesBuildPhase;
			buildActionMask = 2147483647;
			files = (
				8104FD452580D501003F82E7 /* win.mp3 in Resources */,
				8104FD442580D501003F82E7 /* riseup.mp3 in Resources */,
				8104FD402580D501003F82E7 /* chimeup.mp3 in Resources */,
				8104FD412580D501003F82E7 /* game-over.mp3 in Resources */,
				8104FD2F2580D2B1003F82E7 /* Preview Assets.xcassets in Resources */,
				8104FD462580D501003F82E7 /* high-score.mp3 in Resources */,
				8104FD4D2580D595003F82E7 /* Launch Screen.storyboard in Resources */,
				8104FD432580D501003F82E7 /* casino-chips.mp3 in Resources */,
				8104FD2C2580D2B1003F82E7 /* Assets.xcassets in Resources */,
				8104FD422580D501003F82E7 /* background-music.mp3 in Resources */,
				8104FD3F2580D501003F82E7 /* spin.mp3 in Resources */,
			);
			runOnlyForDeploymentPostprocessing = 0;
		};
/* End PBXResourcesBuildPhase section */

/* Begin PBXSourcesBuildPhase section */
		8104FD202580D2B0003F82E7 /* Sources */ = {
			isa = PBXSourcesBuildPhase;
			buildActionMask = 2147483647;
			files = (
				8104FD5C25815127003F82E7 /* ReelView.swift in Sources */,
				8104FD582580E2BA003F82E7 /* Extensions.swift in Sources */,
				8104FD552580DA80003F82E7 /* Modifiers.swift in Sources */,
				8104FD2A2580D2B0003F82E7 /* ContentView.swift in Sources */,
				8104FD522580DA44003F82E7 /* LogoView.swift in Sources */,
				8104FD282580D2B0003F82E7 /* Slot_Machine_2App.swift in Sources */,
				812D454925821C5300266D9F /* InfoView.swift in Sources */,
			);
			runOnlyForDeploymentPostprocessing = 0;
		};
/* End PBXSourcesBuildPhase section */

/* Begin XCBuildConfiguration section */
		8104FD312580D2B1003F82E7 /* Debug */ = {
			isa = XCBuildConfiguration;
			buildSettings = {
				ALWAYS_SEARCH_USER_PATHS = NO;
				CLANG_ANALYZER_NONNULL = YES;
				CLANG_ANALYZER_NUMBER_OBJECT_CONVERSION = YES_AGGRESSIVE;
				CLANG_CXX_LANGUAGE_STANDARD = "gnu++14";
				CLANG_CXX_LIBRARY = "libc++";
				CLANG_ENABLE_MODULES = YES;
				CLANG_ENABLE_OBJC_ARC = YES;
				CLANG_ENABLE_OBJC_WEAK = YES;
				CLANG_WARN_BLOCK_CAPTURE_AUTORELEASING = YES;
				CLANG_WARN_BOOL_CONVERSION = YES;
				CLANG_WARN_COMMA = YES;
				CLANG_WARN_CONSTANT_CONVERSION = YES;
				CLANG_WARN_DEPRECATED_OBJC_IMPLEMENTATIONS = YES;
				CLANG_WARN_DIRECT_OBJC_ISA_USAGE = YES_ERROR;
				CLANG_WARN_DOCUMENTATION_COMMENTS = YES;
				CLANG_WARN_EMPTY_BODY = YES;
				CLANG_WARN_ENUM_CONVERSION = YES;
				CLANG_WARN_INFINITE_RECURSION = YES;
				CLANG_WARN_INT_CONVERSION = YES;
				CLANG_WARN_NON_LITERAL_NULL_CONVERSION = YES;
				CLANG_WARN_OBJC_IMPLICIT_RETAIN_SELF = YES;
				CLANG_WARN_OBJC_LITERAL_CONVERSION = YES;
				CLANG_WARN_OBJC_ROOT_CLASS = YES_ERROR;
				CLANG_WARN_QUOTED_INCLUDE_IN_FRAMEWORK_HEADER = YES;
				CLANG_WARN_RANGE_LOOP_ANALYSIS = YES;
				CLANG_WARN_STRICT_PROTOTYPES = YES;
				CLANG_WARN_SUSPICIOUS_MOVE = YES;
				CLANG_WARN_UNGUARDED_AVAILABILITY = YES_AGGRESSIVE;
				CLANG_WARN_UNREACHABLE_CODE = YES;
				CLANG_WARN__DUPLICATE_METHOD_MATCH = YES;
				COPY_PHASE_STRIP = NO;
				DEBUG_INFORMATION_FORMAT = dwarf;
				ENABLE_STRICT_OBJC_MSGSEND = YES;
				ENABLE_TESTABILITY = YES;
				GCC_C_LANGUAGE_STANDARD = gnu11;
				GCC_DYNAMIC_NO_PIC = NO;
				GCC_NO_COMMON_BLOCKS = YES;
				GCC_OPTIMIZATION_LEVEL = 0;
				GCC_PREPROCESSOR_DEFINITIONS = (
					"DEBUG=1",
					"$(inherited)",
				);
				GCC_WARN_64_TO_32_BIT_CONVERSION = YES;
				GCC_WARN_ABOUT_RETURN_TYPE = YES_ERROR;
				GCC_WARN_UNDECLARED_SELECTOR = YES;
				GCC_WARN_UNINITIALIZED_AUTOS = YES_AGGRESSIVE;
				GCC_WARN_UNUSED_FUNCTION = YES;
				GCC_WARN_UNUSED_VARIABLE = YES;
				IPHONEOS_DEPLOYMENT_TARGET = 14.2;
				MTL_ENABLE_DEBUG_INFO = INCLUDE_SOURCE;
				MTL_FAST_MATH = YES;
				ONLY_ACTIVE_ARCH = YES;
				SDKROOT = iphoneos;
				SWIFT_ACTIVE_COMPILATION_CONDITIONS = DEBUG;
				SWIFT_OPTIMIZATION_LEVEL = "-Onone";
			};
			name = Debug;
		};
		8104FD322580D2B1003F82E7 /* Release */ = {
			isa = XCBuildConfiguration;
			buildSettings = {
				ALWAYS_SEARCH_USER_PATHS = NO;
				CLANG_ANALYZER_NONNULL = YES;
				CLANG_ANALYZER_NUMBER_OBJECT_CONVERSION = YES_AGGRESSIVE;
				CLANG_CXX_LANGUAGE_STANDARD = "gnu++14";
				CLANG_CXX_LIBRARY = "libc++";
				CLANG_ENABLE_MODULES = YES;
				CLANG_ENABLE_OBJC_ARC = YES;
				CLANG_ENABLE_OBJC_WEAK = YES;
				CLANG_WARN_BLOCK_CAPTURE_AUTORELEASING = YES;
				CLANG_WARN_BOOL_CONVERSION = YES;
				CLANG_WARN_COMMA = YES;
				CLANG_WARN_CONSTANT_CONVERSION = YES;
				CLANG_WARN_DEPRECATED_OBJC_IMPLEMENTATIONS = YES;
				CLANG_WARN_DIRECT_OBJC_ISA_USAGE = YES_ERROR;
				CLANG_WARN_DOCUMENTATION_COMMENTS = YES;
				CLANG_WARN_EMPTY_BODY = YES;
				CLANG_WARN_ENUM_CONVERSION = YES;
				CLANG_WARN_INFINITE_RECURSION = YES;
				CLANG_WARN_INT_CONVERSION = YES;
				CLANG_WARN_NON_LITERAL_NULL_CONVERSION = YES;
				CLANG_WARN_OBJC_IMPLICIT_RETAIN_SELF = YES;
				CLANG_WARN_OBJC_LITERAL_CONVERSION = YES;
				CLANG_WARN_OBJC_ROOT_CLASS = YES_ERROR;
				CLANG_WARN_QUOTED_INCLUDE_IN_FRAMEWORK_HEADER = YES;
				CLANG_WARN_RANGE_LOOP_ANALYSIS = YES;
				CLANG_WARN_STRICT_PROTOTYPES = YES;
				CLANG_WARN_SUSPICIOUS_MOVE = YES;
				CLANG_WARN_UNGUARDED_AVAILABILITY = YES_AGGRESSIVE;
				CLANG_WARN_UNREACHABLE_CODE = YES;
				CLANG_WARN__DUPLICATE_METHOD_MATCH = YES;
				COPY_PHASE_STRIP = NO;
				DEBUG_INFORMATION_FORMAT = "dwarf-with-dsym";
				ENABLE_NS_ASSERTIONS = NO;
				ENABLE_STRICT_OBJC_MSGSEND = YES;
				GCC_C_LANGUAGE_STANDARD = gnu11;
				GCC_NO_COMMON_BLOCKS = YES;
				GCC_WARN_64_TO_32_BIT_CONVERSION = YES;
				GCC_WARN_ABOUT_RETURN_TYPE = YES_ERROR;
				GCC_WARN_UNDECLARED_SELECTOR = YES;
				GCC_WARN_UNINITIALIZED_AUTOS = YES_AGGRESSIVE;
				GCC_WARN_UNUSED_FUNCTION = YES;
				GCC_WARN_UNUSED_VARIABLE = YES;
				IPHONEOS_DEPLOYMENT_TARGET = 14.2;
				MTL_ENABLE_DEBUG_INFO = NO;
				MTL_FAST_MATH = YES;
				SDKROOT = iphoneos;
				SWIFT_COMPILATION_MODE = wholemodule;
				SWIFT_OPTIMIZATION_LEVEL = "-O";
				VALIDATE_PRODUCT = YES;
			};
			name = Release;
		};
		8104FD342580D2B1003F82E7 /* Debug */ = {
			isa = XCBuildConfiguration;
			buildSettings = {
				ASSETCATALOG_COMPILER_APPICON_NAME = AppIcon;
				ASSETCATALOG_COMPILER_GLOBAL_ACCENT_COLOR_NAME = AccentColor;
				CODE_SIGN_STYLE = Automatic;
				DEVELOPMENT_ASSET_PATHS = "\"Slot Machine 2/Preview Content\"";
				DEVELOPMENT_TEAM = 4Q2WBWMS5H;
				ENABLE_PREVIEWS = YES;
				INFOPLIST_FILE = "Slot Machine 2/Info.plist";
				IPHONEOS_DEPLOYMENT_TARGET = 14.0;
				LD_RUNPATH_SEARCH_PATHS = (
					"$(inherited)",
					"@executable_path/Frameworks",
				);
				PRODUCT_BUNDLE_IDENTIFIER = "com.rickystone.Slot-Machine-2";
				PRODUCT_NAME = "$(TARGET_NAME)";
				SWIFT_VERSION = 5.0;
				TARGETED_DEVICE_FAMILY = "1,2";
			};
			name = Debug;
		};
		8104FD352580D2B1003F82E7 /* Release */ = {
			isa = XCBuildConfiguration;
			buildSettings = {
				ASSETCATALOG_COMPILER_APPICON_NAME = AppIcon;
				ASSETCATALOG_COMPILER_GLOBAL_ACCENT_COLOR_NAME = AccentColor;
				CODE_SIGN_STYLE = Automatic;
				DEVELOPMENT_ASSET_PATHS = "\"Slot Machine 2/Preview Content\"";
				DEVELOPMENT_TEAM = 4Q2WBWMS5H;
				ENABLE_PREVIEWS = YES;
				INFOPLIST_FILE = "Slot Machine 2/Info.plist";
				IPHONEOS_DEPLOYMENT_TARGET = 14.0;
				LD_RUNPATH_SEARCH_PATHS = (
					"$(inherited)",
					"@executable_path/Frameworks",
				);
				PRODUCT_BUNDLE_IDENTIFIER = "com.rickystone.Slot-Machine-2";
				PRODUCT_NAME = "$(TARGET_NAME)";
				SWIFT_VERSION = 5.0;
				TARGETED_DEVICE_FAMILY = "1,2";
			};
			name = Release;
		};
/* End XCBuildConfiguration section */

/* Begin XCConfigurationList section */
		8104FD1F2580D2B0003F82E7 /* Build configuration list for PBXProject "Slot Machine 2" */ = {
			isa = XCConfigurationList;
			buildConfigurations = (
				8104FD312580D2B1003F82E7 /* Debug */,
				8104FD322580D2B1003F82E7 /* Release */,
			);
			defaultConfigurationIsVisible = 0;
			defaultConfigurationName = Release;
		};
		8104FD332580D2B1003F82E7 /* Build configuration list for PBXNativeTarget "Slot Machine 2" */ = {
			isa = XCConfigurationList;
			buildConfigurations = (
				8104FD342580D2B1003F82E7 /* Debug */,
				8104FD352580D2B1003F82E7 /* Release */,
			);
			defaultConfigurationIsVisible = 0;
			defaultConfigurationName = Release;
		};
/* End XCConfigurationList section */
	};
	rootObject = 8104FD1C2580D2B0003F82E7 /* Project object */;
}
